{
  "name": "pizza_shop",
  "version": "1.0.0",
  "lockfileVersion": 2,
  "requires": true,
  "packages": {
    "": {
      "name": "pizza_shop",
      "version": "1.0.0",
      "license": "MIT",
      "dependencies": {
        "base": "file:../base"
      }
    },
    "../base": {
      "version": "1.0.0",
      "license": "MIT"
    },
    "node_modules/base": {
      "resolved": "../base",
      "link": true
    }
  },
  "dependencies": {
    "base": {
      "version": "file:../base"
    }
  }
}
